// !$*UTF8*$!
{
	archiveVersion = 1;
	classes = {
	};
	objectVersion = 50;
	objects = {

/* Begin PBXBuildFile section */
		7A8DD0F4261012B6004E166A /* AppDelegate.swift in Sources */ = {isa = PBXBuildFile; fileRef = 7A8DD0F3261012B6004E166A /* AppDelegate.swift */; };
		7A8DD0F6261012B6004E166A /* SceneDelegate.swift in Sources */ = {isa = PBXBuildFile; fileRef = 7A8DD0F5261012B6004E166A /* SceneDelegate.swift */; };
		7A8DD0F8261012B6004E166A /* ViewController.swift in Sources */ = {isa = PBXBuildFile; fileRef = 7A8DD0F7261012B6004E166A /* ViewController.swift */; };
		7A8DD0FB261012B6004E166A /* Main.storyboard in Resources */ = {isa = PBXBuildFile; fileRef = 7A8DD0F9261012B6004E166A /* Main.storyboard */; };
		7A8DD0FD261012BA004E166A /* Assets.xcassets in Resources */ = {isa = PBXBuildFile; fileRef = 7A8DD0FC261012BA004E166A /* Assets.xcassets */; };
		7A8DD100261012BA004E166A /* LaunchScreen.storyboard in Resources */ = {isa = PBXBuildFile; fileRef = 7A8DD0FE261012BA004E166A /* LaunchScreen.storyboard */; };
		7A8DD10B261012BB004E166A /* EV_SavingsTests.swift in Sources */ = {isa = PBXBuildFile; fileRef = 7A8DD10A261012BB004E166A /* EV_SavingsTests.swift */; };
		7A8DD116261012BB004E166A /* EV_SavingsUITests.swift in Sources */ = {isa = PBXBuildFile; fileRef = 7A8DD115261012BB004E166A /* EV_SavingsUITests.swift */; };
		7A8DD127261020E8004E166A /* Savings.swift in Sources */ = {isa = PBXBuildFile; fileRef = 7A8DD126261020E8004E166A /* Savings.swift */; };
		7A8DD128261020E8004E166A /* Savings.swift in Sources */ = {isa = PBXBuildFile; fileRef = 7A8DD126261020E8004E166A /* Savings.swift */; };
/* End PBXBuildFile section */

/* Begin PBXContainerItemProxy section */
		7A8DD107261012BB004E166A /* PBXContainerItemProxy */ = {
			isa = PBXContainerItemProxy;
			containerPortal = 7A8DD0E8261012B6004E166A /* Project object */;
			proxyType = 1;
			remoteGlobalIDString = 7A8DD0EF261012B6004E166A;
			remoteInfo = "EV Savings";
		};
		7A8DD112261012BB004E166A /* PBXContainerItemProxy */ = {
			isa = PBXContainerItemProxy;
			containerPortal = 7A8DD0E8261012B6004E166A /* Project object */;
			proxyType = 1;
			remoteGlobalIDString = 7A8DD0EF261012B6004E166A;
			remoteInfo = "EV Savings";
		};
/* End PBXContainerItemProxy section */

/* Begin PBXFileReference section */
		7A8DD0F0261012B6004E166A /* EV Savings.app */ = {isa = PBXFileReference; explicitFileType = wrapper.application; includeInIndex = 0; path = "EV Savings.app"; sourceTree = BUILT_PRODUCTS_DIR; };
		7A8DD0F3261012B6004E166A /* AppDelegate.swift */ = {isa = PBXFileReference; lastKnownFileType = sourcecode.swift; path = AppDelegate.swift; sourceTree = "<group>"; };
		7A8DD0F5261012B6004E166A /* SceneDelegate.swift */ = {isa = PBXFileReference; lastKnownFileType = sourcecode.swift; path = SceneDelegate.swift; sourceTree = "<group>"; };
		7A8DD0F7261012B6004E166A /* ViewController.swift */ = {isa = PBXFileReference; lastKnownFileType = sourcecode.swift; path = ViewController.swift; sourceTree = "<group>"; };
		7A8DD0FA261012B6004E166A /* Base */ = {isa = PBXFileReference; lastKnownFileType = file.storyboard; name = Base; path = Base.lproj/Main.storyboard; sourceTree = "<group>"; };
		7A8DD0FC261012BA004E166A /* Assets.xcassets */ = {isa = PBXFileReference; lastKnownFileType = folder.assetcatalog; path = Assets.xcassets; sourceTree = "<group>"; };
		7A8DD0FF261012BA004E166A /* Base */ = {isa = PBXFileReference; lastKnownFileType = file.storyboard; name = Base; path = Base.lproj/LaunchScreen.storyboard; sourceTree = "<group>"; };
		7A8DD101261012BA004E166A /* Info.plist */ = {isa = PBXFileReference; lastKnownFileType = text.plist.xml; path = Info.plist; sourceTree = "<group>"; };
		7A8DD106261012BB004E166A /* EV SavingsTests.xctest */ = {isa = PBXFileReference; explicitFileType = wrapper.cfbundle; includeInIndex = 0; path = "EV SavingsTests.xctest"; sourceTree = BUILT_PRODUCTS_DIR; };
		7A8DD10A261012BB004E166A /* EV_SavingsTests.swift */ = {isa = PBXFileReference; lastKnownFileType = sourcecode.swift; path = EV_SavingsTests.swift; sourceTree = "<group>"; };
		7A8DD10C261012BB004E166A /* Info.plist */ = {isa = PBXFileReference; lastKnownFileType = text.plist.xml; path = Info.plist; sourceTree = "<group>"; };
		7A8DD111261012BB004E166A /* EV SavingsUITests.xctest */ = {isa = PBXFileReference; explicitFileType = wrapper.cfbundle; includeInIndex = 0; path = "EV SavingsUITests.xctest"; sourceTree = BUILT_PRODUCTS_DIR; };
		7A8DD115261012BB004E166A /* EV_SavingsUITests.swift */ = {isa = PBXFileReference; lastKnownFileType = sourcecode.swift; path = EV_SavingsUITests.swift; sourceTree = "<group>"; };
		7A8DD117261012BB004E166A /* Info.plist */ = {isa = PBXFileReference; lastKnownFileType = text.plist.xml; path = Info.plist; sourceTree = "<group>"; };
		7A8DD126261020E8004E166A /* Savings.swift */ = {isa = PBXFileReference; lastKnownFileType = sourcecode.swift; path = Savings.swift; sourceTree = "<group>"; };
/* End PBXFileReference section */

/* Begin PBXFrameworksBuildPhase section */
		7A8DD0ED261012B6004E166A /* Frameworks */ = {
			isa = PBXFrameworksBuildPhase;
			buildActionMask = 2147483647;
			files = (
			);
			runOnlyForDeploymentPostprocessing = 0;
		};
		7A8DD103261012BA004E166A /* Frameworks */ = {
			isa = PBXFrameworksBuildPhase;
			buildActionMask = 2147483647;
			files = (
			);
			runOnlyForDeploymentPostprocessing = 0;
		};
		7A8DD10E261012BB004E166A /* Frameworks */ = {
			isa = PBXFrameworksBuildPhase;
			buildActionMask = 2147483647;
			files = (
			);
			runOnlyForDeploymentPostprocessing = 0;
		};
/* End PBXFrameworksBuildPhase section */

/* Begin PBXGroup section */
		7A8DD0E7261012B6004E166A = {
			isa = PBXGroup;
			children = (
				7A8DD0F2261012B6004E166A /* EV Savings */,
				7A8DD109261012BB004E166A /* EV SavingsTests */,
				7A8DD114261012BB004E166A /* EV SavingsUITests */,
				7A8DD0F1261012B6004E166A /* Products */,
			);
			sourceTree = "<group>";
		};
		7A8DD0F1261012B6004E166A /* Products */ = {
			isa = PBXGroup;
			children = (
				7A8DD0F0261012B6004E166A /* EV Savings.app */,
				7A8DD106261012BB004E166A /* EV SavingsTests.xctest */,
				7A8DD111261012BB004E166A /* EV SavingsUITests.xctest */,
			);
			name = Products;
			sourceTree = "<group>";
		};
		7A8DD0F2261012B6004E166A /* EV Savings */ = {
			isa = PBXGroup;
			children = (
				7A8DD0F3261012B6004E166A /* AppDelegate.swift */,
				7A8DD0F5261012B6004E166A /* SceneDelegate.swift */,
				7A8DD126261020E8004E166A /* Savings.swift */,
				7A8DD0F7261012B6004E166A /* ViewController.swift */,
				7A8DD0F9261012B6004E166A /* Main.storyboard */,
				7A8DD0FC261012BA004E166A /* Assets.xcassets */,
				7A8DD0FE261012BA004E166A /* LaunchScreen.storyboard */,
				7A8DD101261012BA004E166A /* Info.plist */,
			);
			path = "EV Savings";
			sourceTree = "<group>";
		};
		7A8DD109261012BB004E166A /* EV SavingsTests */ = {
			isa = PBXGroup;
			children = (
				7A8DD10A261012BB004E166A /* EV_SavingsTests.swift */,
				7A8DD10C261012BB004E166A /* Info.plist */,
			);
			path = "EV SavingsTests";
			sourceTree = "<group>";
		};
		7A8DD114261012BB004E166A /* EV SavingsUITests */ = {
			isa = PBXGroup;
			children = (
				7A8DD115261012BB004E166A /* EV_SavingsUITests.swift */,
				7A8DD117261012BB004E166A /* Info.plist */,
			);
			path = "EV SavingsUITests";
			sourceTree = "<group>";
		};
/* End PBXGroup section */

/* Begin PBXNativeTarget section */
		7A8DD0EF261012B6004E166A /* EV Savings */ = {
			isa = PBXNativeTarget;
			buildConfigurationList = 7A8DD11A261012BB004E166A /* Build configuration list for PBXNativeTarget "EV Savings" */;
			buildPhases = (
				7A8DD0EC261012B6004E166A /* Sources */,
				7A8DD0ED261012B6004E166A /* Frameworks */,
				7A8DD0EE261012B6004E166A /* Resources */,
			);
			buildRules = (
			);
			dependencies = (
			);
			name = "EV Savings";
			productName = "EV Savings";
			productReference = 7A8DD0F0261012B6004E166A /* EV Savings.app */;
			productType = "com.apple.product-type.application";
		};
		7A8DD105261012BA004E166A /* EV SavingsTests */ = {
			isa = PBXNativeTarget;
			buildConfigurationList = 7A8DD11D261012BB004E166A /* Build configuration list for PBXNativeTarget "EV SavingsTests" */;
			buildPhases = (
				7A8DD102261012BA004E166A /* Sources */,
				7A8DD103261012BA004E166A /* Frameworks */,
				7A8DD104261012BA004E166A /* Resources */,
			);
			buildRules = (
			);
			dependencies = (
				7A8DD108261012BB004E166A /* PBXTargetDependency */,
			);
			name = "EV SavingsTests";
			productName = "EV SavingsTests";
			productReference = 7A8DD106261012BB004E166A /* EV SavingsTests.xctest */;
			productType = "com.apple.product-type.bundle.unit-test";
		};
		7A8DD110261012BB004E166A /* EV SavingsUITests */ = {
			isa = PBXNativeTarget;
			buildConfigurationList = 7A8DD120261012BB004E166A /* Build configuration list for PBXNativeTarget "EV SavingsUITests" */;
			buildPhases = (
				7A8DD10D261012BB004E166A /* Sources */,
				7A8DD10E261012BB004E166A /* Frameworks */,
				7A8DD10F261012BB004E166A /* Resources */,
			);
			buildRules = (
			);
			dependencies = (
				7A8DD113261012BB004E166A /* PBXTargetDependency */,
			);
			name = "EV SavingsUITests";
			productName = "EV SavingsUITests";
			productReference = 7A8DD111261012BB004E166A /* EV SavingsUITests.xctest */;
			productType = "com.apple.product-type.bundle.ui-testing";
		};
/* End PBXNativeTarget section */

/* Begin PBXProject section */
		7A8DD0E8261012B6004E166A /* Project object */ = {
			isa = PBXProject;
			attributes = {
				LastSwiftUpdateCheck = 1240;
				LastUpgradeCheck = 1240;
				TargetAttributes = {
					7A8DD0EF261012B6004E166A = {
						CreatedOnToolsVersion = 12.4;
					};
					7A8DD105261012BA004E166A = {
						CreatedOnToolsVersion = 12.4;
						TestTargetID = 7A8DD0EF261012B6004E166A;
					};
					7A8DD110261012BB004E166A = {
						CreatedOnToolsVersion = 12.4;
						TestTargetID = 7A8DD0EF261012B6004E166A;
					};
				};
			};
			buildConfigurationList = 7A8DD0EB261012B6004E166A /* Build configuration list for PBXProject "EV Savings" */;
			compatibilityVersion = "Xcode 9.3";
			developmentRegion = en;
			hasScannedForEncodings = 0;
			knownRegions = (
				en,
				Base,
			);
			mainGroup = 7A8DD0E7261012B6004E166A;
			productRefGroup = 7A8DD0F1261012B6004E166A /* Products */;
			projectDirPath = "";
			projectRoot = "";
			targets = (
				7A8DD0EF261012B6004E166A /* EV Savings */,
				7A8DD105261012BA004E166A /* EV SavingsTests */,
				7A8DD110261012BB004E166A /* EV SavingsUITests */,
			);
		};
/* End PBXProject section */

/* Begin PBXResourcesBuildPhase section */
		7A8DD0EE261012B6004E166A /* Resources */ = {
			isa = PBXResourcesBuildPhase;
			buildActionMask = 2147483647;
			files = (
				7A8DD100261012BA004E166A /* LaunchScreen.storyboard in Resources */,
				7A8DD0FD261012BA004E166A /* Assets.xcassets in Resources */,
				7A8DD0FB261012B6004E166A /* Main.storyboard in Resources */,
			);
			runOnlyForDeploymentPostprocessing = 0;
		};
		7A8DD104261012BA004E166A /* Resources */ = {
			isa = PBXResourcesBuildPhase;
			buildActionMask = 2147483647;
			files = (
			);
			runOnlyForDeploymentPostprocessing = 0;
		};
		7A8DD10F261012BB004E166A /* Resources */ = {
			isa = PBXResourcesBuildPhase;
			buildActionMask = 2147483647;
			files = (
			);
			runOnlyForDeploymentPostprocessing = 0;
		};
/* End PBXResourcesBuildPhase section */

/* Begin PBXSourcesBuildPhase section */
		7A8DD0EC261012B6004E166A /* Sources */ = {
			isa = PBXSourcesBuildPhase;
			buildActionMask = 2147483647;
			files = (
				7A8DD0F8261012B6004E166A /* ViewController.swift in Sources */,
				7A8DD0F4261012B6004E166A /* AppDelegate.swift in Sources */,
				7A8DD0F6261012B6004E166A /* SceneDelegate.swift in Sources */,
				7A8DD127261020E8004E166A /* Savings.swift in Sources */,
			);
			runOnlyForDeploymentPostprocessing = 0;
		};
		7A8DD102261012BA004E166A /* Sources */ = {
			isa = PBXSourcesBuildPhase;
			buildActionMask = 2147483647;
			files = (
				7A8DD10B261012BB004E166A /* EV_SavingsTests.swift in Sources */,
				7A8DD128261020E8004E166A /* Savings.swift in Sources */,
			);
			runOnlyForDeploymentPostprocessing = 0;
		};
		7A8DD10D261012BB004E166A /* Sources */ = {
			isa = PBXSourcesBuildPhase;
			buildActionMask = 2147483647;
			files = (
				7A8DD116261012BB004E166A /* EV_SavingsUITests.swift in Sources */,
			);
			runOnlyForDeploymentPostprocessing = 0;
		};
/* End PBXSourcesBuildPhase section */

/* Begin PBXTargetDependency section */
		7A8DD108261012BB004E166A /* PBXTargetDependency */ = {
			isa = PBXTargetDependency;
			target = 7A8DD0EF261012B6004E166A /* EV Savings */;
			targetProxy = 7A8DD107261012BB004E166A /* PBXContainerItemProxy */;
		};
		7A8DD113261012BB004E166A /* PBXTargetDependency */ = {
			isa = PBXTargetDependency;
			target = 7A8DD0EF261012B6004E166A /* EV Savings */;
			targetProxy = 7A8DD112261012BB004E166A /* PBXContainerItemProxy */;
		};
/* End PBXTargetDependency section */

/* Begin PBXVariantGroup section */
		7A8DD0F9261012B6004E166A /* Main.storyboard */ = {
			isa = PBXVariantGroup;
			children = (
				7A8DD0FA261012B6004E166A /* Base */,
			);
			name = Main.storyboard;
			sourceTree = "<group>";
		};
		7A8DD0FE261012BA004E166A /* LaunchScreen.storyboard */ = {
			isa = PBXVariantGroup;
			children = (
				7A8DD0FF261012BA004E166A /* Base */,
			);
			name = LaunchScreen.storyboard;
			sourceTree = "<group>";
		};
/* End PBXVariantGroup section */

/* Begin XCBuildConfiguration section */
		7A8DD118261012BB004E166A /* Debug */ = {
			isa = XCBuildConfiguration;
			buildSettings = {
				ALWAYS_SEARCH_USER_PATHS = NO;
				CLANG_ANALYZER_NONNULL = YES;
				CLANG_ANALYZER_NUMBER_OBJECT_CONVERSION = YES_AGGRESSIVE;
				CLANG_CXX_LANGUAGE_STANDARD = "gnu++14";
				CLANG_CXX_LIBRARY = "libc++";
				CLANG_ENABLE_MODULES = YES;
				CLANG_ENABLE_OBJC_ARC = YES;
				CLANG_ENABLE_OBJC_WEAK = YES;
				CLANG_WARN_BLOCK_CAPTURE_AUTORELEASING = YES;
				CLANG_WARN_BOOL_CONVERSION = YES;
				CLANG_WARN_COMMA = YES;
				CLANG_WARN_CONSTANT_CONVERSION = YES;
				CLANG_WARN_DEPRECATED_OBJC_IMPLEMENTATIONS = YES;
				CLANG_WARN_DIRECT_OBJC_ISA_USAGE = YES_ERROR;
				CLANG_WARN_DOCUMENTATION_COMMENTS = YES;
				CLANG_WARN_EMPTY_BODY = YES;
				CLANG_WARN_ENUM_CONVERSION = YES;
				CLANG_WARN_INFINITE_RECURSION = YES;
				CLANG_WARN_INT_CONVERSION = YES;
				CLANG_WARN_NON_LITERAL_NULL_CONVERSION = YES;
				CLANG_WARN_OBJC_IMPLICIT_RETAIN_SELF = YES;
				CLANG_WARN_OBJC_LITERAL_CONVERSION = YES;
				CLANG_WARN_OBJC_ROOT_CLASS = YES_ERROR;
				CLANG_WARN_QUOTED_INCLUDE_IN_FRAMEWORK_HEADER = YES;
				CLANG_WARN_RANGE_LOOP_ANALYSIS = YES;
				CLANG_WARN_STRICT_PROTOTYPES = YES;
				CLANG_WARN_SUSPICIOUS_MOVE = YES;
				CLANG_WARN_UNGUARDED_AVAILABILITY = YES_AGGRESSIVE;
				CLANG_WARN_UNREACHABLE_CODE = YES;
				CLANG_WARN__DUPLICATE_METHOD_MATCH = YES;
				COPY_PHASE_STRIP = NO;
				DEBUG_INFORMATION_FORMAT = dwarf;
				ENABLE_STRICT_OBJC_MSGSEND = YES;
				ENABLE_TESTABILITY = YES;
				GCC_C_LANGUAGE_STANDARD = gnu11;
				GCC_DYNAMIC_NO_PIC = NO;
				GCC_NO_COMMON_BLOCKS = YES;
				GCC_OPTIMIZATION_LEVEL = 0;
				GCC_PREPROCESSOR_DEFINITIONS = (
					"DEBUG=1",
					"$(inherited)",
				);
				GCC_WARN_64_TO_32_BIT_CONVERSION = YES;
				GCC_WARN_ABOUT_RETURN_TYPE = YES_ERROR;
				GCC_WARN_UNDECLARED_SELECTOR = YES;
				GCC_WARN_UNINITIALIZED_AUTOS = YES_AGGRESSIVE;
				GCC_WARN_UNUSED_FUNCTION = YES;
				GCC_WARN_UNUSED_VARIABLE = YES;
				IPHONEOS_DEPLOYMENT_TARGET = 14.4;
				MTL_ENABLE_DEBUG_INFO = INCLUDE_SOURCE;
				MTL_FAST_MATH = YES;
				ONLY_ACTIVE_ARCH = YES;
				SDKROOT = iphoneos;
				SWIFT_ACTIVE_COMPILATION_CONDITIONS = DEBUG;
				SWIFT_OPTIMIZATION_LEVEL = "-Onone";
			};
			name = Debug;
		};
		7A8DD119261012BB004E166A /* Release */ = {
			isa = XCBuildConfiguration;
			buildSettings = {
				ALWAYS_SEARCH_USER_PATHS = NO;
				CLANG_ANALYZER_NONNULL = YES;
				CLANG_ANALYZER_NUMBER_OBJECT_CONVERSION = YES_AGGRESSIVE;
				CLANG_CXX_LANGUAGE_STANDARD = "gnu++14";
				CLANG_CXX_LIBRARY = "libc++";
				CLANG_ENABLE_MODULES = YES;
				CLANG_ENABLE_OBJC_ARC = YES;
				CLANG_ENABLE_OBJC_WEAK = YES;
				CLANG_WARN_BLOCK_CAPTURE_AUTORELEASING = YES;
				CLANG_WARN_BOOL_CONVERSION = YES;
				CLANG_WARN_COMMA = YES;
				CLANG_WARN_CONSTANT_CONVERSION = YES;
				CLANG_WARN_DEPRECATED_OBJC_IMPLEMENTATIONS = YES;
				CLANG_WARN_DIRECT_OBJC_ISA_USAGE = YES_ERROR;
				CLANG_WARN_DOCUMENTATION_COMMENTS = YES;
				CLANG_WARN_EMPTY_BODY = YES;
				CLANG_WARN_ENUM_CONVERSION = YES;
				CLANG_WARN_INFINITE_RECURSION = YES;
				CLANG_WARN_INT_CONVERSION = YES;
				CLANG_WARN_NON_LITERAL_NULL_CONVERSION = YES;
				CLANG_WARN_OBJC_IMPLICIT_RETAIN_SELF = YES;
				CLANG_WARN_OBJC_LITERAL_CONVERSION = YES;
				CLANG_WARN_OBJC_ROOT_CLASS = YES_ERROR;
				CLANG_WARN_QUOTED_INCLUDE_IN_FRAMEWORK_HEADER = YES;
				CLANG_WARN_RANGE_LOOP_ANALYSIS = YES;
				CLANG_WARN_STRICT_PROTOTYPES = YES;
				CLANG_WARN_SUSPICIOUS_MOVE = YES;
				CLANG_WARN_UNGUARDED_AVAILABILITY = YES_AGGRESSIVE;
				CLANG_WARN_UNREACHABLE_CODE = YES;
				CLANG_WARN__DUPLICATE_METHOD_MATCH = YES;
				COPY_PHASE_STRIP = NO;
				DEBUG_INFORMATION_FORMAT = "dwarf-with-dsym";
				ENABLE_NS_ASSERTIONS = NO;
				ENABLE_STRICT_OBJC_MSGSEND = YES;
				GCC_C_LANGUAGE_STANDARD = gnu11;
				GCC_NO_COMMON_BLOCKS = YES;
				GCC_WARN_64_TO_32_BIT_CONVERSION = YES;
				GCC_WARN_ABOUT_RETURN_TYPE = YES_ERROR;
				GCC_WARN_UNDECLARED_SELECTOR = YES;
				GCC_WARN_UNINITIALIZED_AUTOS = YES_AGGRESSIVE;
				GCC_WARN_UNUSED_FUNCTION = YES;
				GCC_WARN_UNUSED_VARIABLE = YES;
				IPHONEOS_DEPLOYMENT_TARGET = 14.4;
				MTL_ENABLE_DEBUG_INFO = NO;
				MTL_FAST_MATH = YES;
				SDKROOT = iphoneos;
				SWIFT_COMPILATION_MODE = wholemodule;
				SWIFT_OPTIMIZATION_LEVEL = "-O";
				VALIDATE_PRODUCT = YES;
			};
			name = Release;
		};
		7A8DD11B261012BB004E166A /* Debug */ = {
			isa = XCBuildConfiguration;
			buildSettings = {
				ASSETCATALOG_COMPILER_APPICON_NAME = AppIcon;
				ASSETCATALOG_COMPILER_GLOBAL_ACCENT_COLOR_NAME = AccentColor;
				CODE_SIGN_STYLE = Automatic;
				INFOPLIST_FILE = "EV Savings/Info.plist";
				LD_RUNPATH_SEARCH_PATHS = (
					"$(inherited)",
					"@executable_path/Frameworks",
				);
				PRODUCT_BUNDLE_IDENTIFIER = "wesleychou.EV-Savings";
				PRODUCT_NAME = "$(TARGET_NAME)";
				SWIFT_VERSION = 5.0;
				TARGETED_DEVICE_FAMILY = "1,2";
			};
			name = Debug;
		};
		7A8DD11C261012BB004E166A /* Release */ = {
			isa = XCBuildConfiguration;
			buildSettings = {
				ASSETCATALOG_COMPILER_APPICON_NAME = AppIcon;
				ASSETCATALOG_COMPILER_GLOBAL_ACCENT_COLOR_NAME = AccentColor;
				CODE_SIGN_STYLE = Automatic;
				INFOPLIST_FILE = "EV Savings/Info.plist";
				LD_RUNPATH_SEARCH_PATHS = (
					"$(inherited)",
					"@executable_path/Frameworks",
				);
				PRODUCT_BUNDLE_IDENTIFIER = "wesleychou.EV-Savings";
				PRODUCT_NAME = "$(TARGET_NAME)";
				SWIFT_VERSION = 5.0;
				TARGETED_DEVICE_FAMILY = "1,2";
			};
			name = Release;
		};
		7A8DD11E261012BB004E166A /* Debug */ = {
			isa = XCBuildConfiguration;
			buildSettings = {
				ALWAYS_EMBED_SWIFT_STANDARD_LIBRARIES = YES;
				BUNDLE_LOADER = "$(TEST_HOST)";
				CODE_SIGN_STYLE = Automatic;
				INFOPLIST_FILE = "EV SavingsTests/Info.plist";
				IPHONEOS_DEPLOYMENT_TARGET = 14.4;
				LD_RUNPATH_SEARCH_PATHS = (
					"$(inherited)",
					"@executable_path/Frameworks",
					"@loader_path/Frameworks",
				);
				PRODUCT_BUNDLE_IDENTIFIER = "wesleychou.EV-SavingsTests";
				PRODUCT_NAME = "$(TARGET_NAME)";
				SWIFT_VERSION = 5.0;
				TARGETED_DEVICE_FAMILY = "1,2";
				TEST_HOST = "$(BUILT_PRODUCTS_DIR)/EV Savings.app/EV Savings";
			};
			name = Debug;
		};
		7A8DD11F261012BB004E166A /* Release */ = {
			isa = XCBuildConfiguration;
			buildSettings = {
				ALWAYS_EMBED_SWIFT_STANDARD_LIBRARIES = YES;
				BUNDLE_LOADER = "$(TEST_HOST)";
				CODE_SIGN_STYLE = Automatic;
				INFOPLIST_FILE = "EV SavingsTests/Info.plist";
				IPHONEOS_DEPLOYMENT_TARGET = 14.4;
				LD_RUNPATH_SEARCH_PATHS = (
					"$(inherited)",
					"@executable_path/Frameworks",
					"@loader_path/Frameworks",
				);
				PRODUCT_BUNDLE_IDENTIFIER = "wesleychou.EV-SavingsTests";
				PRODUCT_NAME = "$(TARGET_NAME)";
				SWIFT_VERSION = 5.0;
				TARGETED_DEVICE_FAMILY = "1,2";
				TEST_HOST = "$(BUILT_PRODUCTS_DIR)/EV Savings.app/EV Savings";
			};
			name = Release;
		};
		7A8DD121261012BB004E166A /* Debug */ = {
			isa = XCBuildConfiguration;
			buildSettings = {
				ALWAYS_EMBED_SWIFT_STANDARD_LIBRARIES = YES;
				CODE_SIGN_STYLE = Automatic;
				INFOPLIST_FILE = "EV SavingsUITests/Info.plist";
				LD_RUNPATH_SEARCH_PATHS = (
					"$(inherited)",
					"@executable_path/Frameworks",
					"@loader_path/Frameworks",
				);
				PRODUCT_BUNDLE_IDENTIFIER = "wesleychou.EV-SavingsUITests";
				PRODUCT_NAME = "$(TARGET_NAME)";
				SWIFT_VERSION = 5.0;
				TARGETED_DEVICE_FAMILY = "1,2";
				TEST_TARGET_NAME = "EV Savings";
			};
			name = Debug;
		};
		7A8DD122261012BB004E166A /* Release */ = {
			isa = XCBuildConfiguration;
			buildSettings = {
				ALWAYS_EMBED_SWIFT_STANDARD_LIBRARIES = YES;
				CODE_SIGN_STYLE = Automatic;
				INFOPLIST_FILE = "EV SavingsUITests/Info.plist";
				LD_RUNPATH_SEARCH_PATHS = (
					"$(inherited)",
					"@executable_path/Frameworks",
					"@loader_path/Frameworks",
				);
				PRODUCT_BUNDLE_IDENTIFIER = "wesleychou.EV-SavingsUITests";
				PRODUCT_NAME = "$(TARGET_NAME)";
				SWIFT_VERSION = 5.0;
				TARGETED_DEVICE_FAMILY = "1,2";
				TEST_TARGET_NAME = "EV Savings";
			};
			name = Release;
		};
/* End XCBuildConfiguration section */

/* Begin XCConfigurationList section */
		7A8DD0EB261012B6004E166A /* Build configuration list for PBXProject "EV Savings" */ = {
			isa = XCConfigurationList;
			buildConfigurations = (
				7A8DD118261012BB004E166A /* Debug */,
				7A8DD119261012BB004E166A /* Release */,
			);
			defaultConfigurationIsVisible = 0;
			defaultConfigurationName = Release;
		};
		7A8DD11A261012BB004E166A /* Build configuration list for PBXNativeTarget "EV Savings" */ = {
			isa = XCConfigurationList;
			buildConfigurations = (
				7A8DD11B261012BB004E166A /* Debug */,
				7A8DD11C261012BB004E166A /* Release */,
			);
			defaultConfigurationIsVisible = 0;
			defaultConfigurationName = Release;
		};
		7A8DD11D261012BB004E166A /* Build configuration list for PBXNativeTarget "EV SavingsTests" */ = {
			isa = XCConfigurationList;
			buildConfigurations = (
				7A8DD11E261012BB004E166A /* Debug */,
				7A8DD11F261012BB004E166A /* Release */,
			);
			defaultConfigurationIsVisible = 0;
			defaultConfigurationName = Release;
		};
		7A8DD120261012BB004E166A /* Build configuration list for PBXNativeTarget "EV SavingsUITests" */ = {
			isa = XCConfigurationList;
			buildConfigurations = (
				7A8DD121261012BB004E166A /* Debug */,
				7A8DD122261012BB004E166A /* Release */,
			);
			defaultConfigurationIsVisible = 0;
			defaultConfigurationName = Release;
		};
/* End XCConfigurationList section */
	};
	rootObject = 7A8DD0E8261012B6004E166A /* Project object */;
}
